
Microsoft Visual Studio Solution File, Format Version 12.00
# Visual Studio Version 17
VisualStudioVersion = 17.6.33815.320
MinimumVisualStudioVersion = 10.0.40219.1
Project("{2150E333-8FDC-42A3-9474-1A3956D46DE8}") = "Solution Items", "Solution Items", "{090CAD60-3038-43A2-A956-AE06B8E82C46}"
	ProjectSection(SolutionItems) = preProject
		.dockerignore = .dockerignore
		.editorconfig = .editorconfig
		.gitattributes = .gitattributes
		.gitignore = .gitignore
		CHANGELOG.md = CHANGELOG.md
		docker-compose.yaml = docker-compose.yaml
		LICENSE = LICENSE
		README.md = README.md
	EndProjectSection
EndProject
Project("{FAE04EC0-301F-11D3-BF4B-00C04F79EFBC}") = "Logitar.EventSourcing", "lib\Logitar.EventSourcing\Logitar.EventSourcing.csproj", "{CC011439-571E-4402-A41F-436303ED9D5D}"
EndProject
Project("{FAE04EC0-301F-11D3-BF4B-00C04F79EFBC}") = "Logitar.EventSourcing.Infrastructure", "lib\Logitar.EventSourcing.Infrastructure\Logitar.EventSourcing.Infrastructure.csproj", "{9F6F7D89-B31D-43E0-9D97-7AF7F63510A6}"
EndProject
Project("{FAE04EC0-301F-11D3-BF4B-00C04F79EFBC}") = "Logitar.EventSourcing.Kurrent", "lib\Logitar.EventSourcing.Kurrent\Logitar.EventSourcing.Kurrent.csproj", "{26D82AFC-7C82-458D-B183-FC0FA45E9F58}"
EndProject
Project("{FAE04EC0-301F-11D3-BF4B-00C04F79EFBC}") = "Logitar.EventSourcing.EntityFrameworkCore.Relational", "lib\Logitar.EventSourcing.EntityFrameworkCore.Relational\Logitar.EventSourcing.EntityFrameworkCore.Relational.csproj", "{285ECE7E-8DFD-4AB5-8B77-54DDBDFD6A43}"
EndProject
Project("{2150E333-8FDC-42A3-9474-1A3956D46DE8}") = "Tests", "Tests", "{8FDA0BC2-7DB8-45B5-A1C6-3B931280ED0C}"
EndProject
Project("{FAE04EC0-301F-11D3-BF4B-00C04F79EFBC}") = "Logitar.EventSourcing.Tests", "tests\Logitar.EventSourcing.Tests\Logitar.EventSourcing.Tests.csproj", "{EFF3E7FB-DAD9-41F5-9EBA-E9D23B08DF81}"
EndProject
Project("{FAE04EC0-301F-11D3-BF4B-00C04F79EFBC}") = "Logitar.EventSourcing.IntegrationTests", "tests\Logitar.EventSourcing.IntegrationTests\Logitar.EventSourcing.IntegrationTests.csproj", "{DC93870A-5C79-49BF-ACDC-B8E16098439A}"
EndProject
Project("{FAE04EC0-301F-11D3-BF4B-00C04F79EFBC}") = "Logitar.EventSourcing.MartenDB", "lib\Logitar.EventSourcing.MartenDB\Logitar.EventSourcing.MartenDB.csproj", "{20D78DB7-525A-4C9B-86A9-709D98974648}"
EndProject
Global
	GlobalSection(SolutionConfigurationPlatforms) = preSolution
		Debug|Any CPU = Debug|Any CPU
		Release|Any CPU = Release|Any CPU
	EndGlobalSection
	GlobalSection(ProjectConfigurationPlatforms) = postSolution
		{CC011439-571E-4402-A41F-436303ED9D5D}.Debug|Any CPU.ActiveCfg = Debug|Any CPU
		{CC011439-571E-4402-A41F-436303ED9D5D}.Debug|Any CPU.Build.0 = Debug|Any CPU
		{CC011439-571E-4402-A41F-436303ED9D5D}.Release|Any CPU.ActiveCfg = Release|Any CPU
		{CC011439-571E-4402-A41F-436303ED9D5D}.Release|Any CPU.Build.0 = Release|Any CPU
		{9F6F7D89-B31D-43E0-9D97-7AF7F63510A6}.Debug|Any CPU.ActiveCfg = Debug|Any CPU
		{9F6F7D89-B31D-43E0-9D97-7AF7F63510A6}.Debug|Any CPU.Build.0 = Debug|Any CPU
		{9F6F7D89-B31D-43E0-9D97-7AF7F63510A6}.Release|Any CPU.ActiveCfg = Release|Any CPU
		{9F6F7D89-B31D-43E0-9D97-7AF7F63510A6}.Release|Any CPU.Build.0 = Release|Any CPU
		{26D82AFC-7C82-458D-B183-FC0FA45E9F58}.Debug|Any CPU.ActiveCfg = Debug|Any CPU
		{26D82AFC-7C82-458D-B183-FC0FA45E9F58}.Debug|Any CPU.Build.0 = Debug|Any CPU
		{26D82AFC-7C82-458D-B183-FC0FA45E9F58}.Release|Any CPU.ActiveCfg = Release|Any CPU
		{26D82AFC-7C82-458D-B183-FC0FA45E9F58}.Release|Any CPU.Build.0 = Release|Any CPU
		{285ECE7E-8DFD-4AB5-8B77-54DDBDFD6A43}.Debug|Any CPU.ActiveCfg = Debug|Any CPU
		{285ECE7E-8DFD-4AB5-8B77-54DDBDFD6A43}.Debug|Any CPU.Build.0 = Debug|Any CPU
		{285ECE7E-8DFD-4AB5-8B77-54DDBDFD6A43}.Release|Any CPU.ActiveCfg = Release|Any CPU
		{285ECE7E-8DFD-4AB5-8B77-54DDBDFD6A43}.Release|Any CPU.Build.0 = Release|Any CPU
		{EFF3E7FB-DAD9-41F5-9EBA-E9D23B08DF81}.Debug|Any CPU.ActiveCfg = Debug|Any CPU
		{EFF3E7FB-DAD9-41F5-9EBA-E9D23B08DF81}.Debug|Any CPU.Build.0 = Debug|Any CPU
		{EFF3E7FB-DAD9-41F5-9EBA-E9D23B08DF81}.Release|Any CPU.ActiveCfg = Release|Any CPU
		{EFF3E7FB-DAD9-41F5-9EBA-E9D23B08DF81}.Release|Any CPU.Build.0 = Release|Any CPU
		{DC93870A-5C79-49BF-ACDC-B8E16098439A}.Debug|Any CPU.ActiveCfg = Debug|Any CPU
		{DC93870A-5C79-49BF-ACDC-B8E16098439A}.Debug|Any CPU.Build.0 = Debug|Any CPU
		{DC93870A-5C79-49BF-ACDC-B8E16098439A}.Release|Any CPU.ActiveCfg = Release|Any CPU
		{DC93870A-5C79-49BF-ACDC-B8E16098439A}.Release|Any CPU.Build.0 = Release|Any CPU
		{20D78DB7-525A-4C9B-86A9-709D98974648}.Debug|Any CPU.ActiveCfg = Debug|Any CPU
		{20D78DB7-525A-4C9B-86A9-709D98974648}.Debug|Any CPU.Build.0 = Debug|Any CPU
		{20D78DB7-525A-4C9B-86A9-709D98974648}.Release|Any CPU.ActiveCfg = Release|Any CPU
		{20D78DB7-525A-4C9B-86A9-709D98974648}.Release|Any CPU.Build.0 = Release|Any CPU
	EndGlobalSection
	GlobalSection(SolutionProperties) = preSolution
		HideSolutionNode = FALSE
	EndGlobalSection
	GlobalSection(NestedProjects) = preSolution
		{EFF3E7FB-DAD9-41F5-9EBA-E9D23B08DF81} = {8FDA0BC2-7DB8-45B5-A1C6-3B931280ED0C}
		{DC93870A-5C79-49BF-ACDC-B8E16098439A} = {8FDA0BC2-7DB8-45B5-A1C6-3B931280ED0C}
	EndGlobalSection
	GlobalSection(ExtensibilityGlobals) = postSolution
		SolutionGuid = {B0AA9E53-02AD-4000-8ED5-53AFF5D1B32D}
	EndGlobalSection
EndGlobal
